
Microsoft Visual Studio Solution File, Format Version 12.00
# Visual Studio 15
VisualStudioVersion = 15.0.27130.2036
MinimumVisualStudioVersion = 10.0.40219.1
Project("{9092AA53-FB77-4645-B42D-1CCCA6BD08BD}") = "ClanRoyale", "ClanRoyale\ClanRoyale.njsproj", "{54E606BA-34C8-4BD6-9B76-BE51EBDB5BC1}"
EndProject
Global
	GlobalSection(SolutionConfigurationPlatforms) = preSolution
		Debug|Any CPU = Debug|Any CPU
		Release|Any CPU = Release|Any CPU
	EndGlobalSection
	GlobalSection(ProjectConfigurationPlatforms) = postSolution
		{54E606BA-34C8-4BD6-9B76-BE51EBDB5BC1}.Debug|Any CPU.ActiveCfg = Debug|Any CPU
		{54E606BA-34C8-4BD6-9B76-BE51EBDB5BC1}.Debug|Any CPU.Build.0 = Debug|Any CPU
		{54E606BA-34C8-4BD6-9B76-BE51EBDB5BC1}.Release|Any CPU.ActiveCfg = Release|Any CPU
		{54E606BA-34C8-4BD6-9B76-BE51EBDB5BC1}.Release|Any CPU.Build.0 = Release|Any CPU
	EndGlobalSection
	GlobalSection(SolutionProperties) = preSolution
		HideSolutionNode = FALSE
	EndGlobalSection
	GlobalSection(ExtensibilityGlobals) = postSolution
		SolutionGuid = {130DF676-F7DD-403D-9FBE-ED8A5C595030}
	EndGlobalSection
EndGlobal
